
Microsoft Visual Studio Solution File, Format Version 12.00
# Visual Studio Version 17
VisualStudioVersion = 17.7.34202.233
MinimumVisualStudioVersion = 10.0.40219.1
Project("{8BC9CEB8-8B4A-11D0-8D11-00A0C91BC942}") = "Sandbox", "Sandbox\Sandbox.vcxproj", "{D3565187-8EB7-4E28-B616-C27F2CAC8F5A}"
EndProject
Project("{8BC9CEB8-8B4A-11D0-8D11-00A0C91BC942}") = "Cat2D", "Cat2D\Cat2D.vcxproj", "{C0AF119B-EABD-4CD1-A031-7DCF68307CCB}"
EndProject
Global
	GlobalSection(SolutionConfigurationPlatforms) = preSolution
		Debug|x64 = Debug|x64
		Release|x64 = Release|x64
	EndGlobalSection
	GlobalSection(ProjectConfigurationPlatforms) = postSolution
		{C0AF119B-EABD-4CD1-A031-7DCF68307CCB}.Debug|x64.ActiveCfg = Debug|x64
		{C0AF119B-EABD-4CD1-A031-7DCF68307CCB}.Debug|x64.Build.0 = Debug|x64
		{C0AF119B-EABD-4CD1-A031-7DCF68307CCB}.Release|x64.ActiveCfg = Release|x64
		{C0AF119B-EABD-4CD1-A031-7DCF68307CCB}.Release|x64.Build.0 = Release|x64
		{D3565187-8EB7-4E28-B616-C27F2CAC8F5A}.Debug|x64.ActiveCfg = Debug|x64
		{D3565187-8EB7-4E28-B616-C27F2CAC8F5A}.Debug|x64.Build.0 = Debug|x64
		{D3565187-8EB7-4E28-B616-C27F2CAC8F5A}.Release|x64.ActiveCfg = Release|x64
		{D3565187-8EB7-4E28-B616-C27F2CAC8F5A}.Release|x64.Build.0 = Release|x64
	EndGlobalSection
	GlobalSection(SolutionProperties) = preSolution
		HideSolutionNode = FALSE
	EndGlobalSection
	GlobalSection(ExtensibilityGlobals) = postSolution
		SolutionGuid = {35740DE5-E04D-4BBB-9901-2467BEE3DFA0}
	EndGlobalSection
EndGlobal
